
Microsoft Visual Studio Solution File, Format Version 12.00
# Visual Studio Version 16
VisualStudioVersion = 16.0.30611.23
MinimumVisualStudioVersion = 10.0.40219.1
Project("{FAE04EC0-301F-11D3-BF4B-00C04F79EFBC}") = "AspNetCore.Mvc", "AspNetCore.Mvc\AspNetCore.Mvc.csproj", "{CFF041B7-902A-44DF-A6A7-053612E6D8FB}"
EndProject
Global
	GlobalSection(SolutionConfigurationPlatforms) = preSolution
		Debug|Any CPU = Debug|Any CPU
		Release|Any CPU = Release|Any CPU
	EndGlobalSection
	GlobalSection(ProjectConfigurationPlatforms) = postSolution
		{CFF041B7-902A-44DF-A6A7-053612E6D8FB}.Debug|Any CPU.ActiveCfg = Debug|Any CPU
		{CFF041B7-902A-44DF-A6A7-053612E6D8FB}.Debug|Any CPU.Build.0 = Debug|Any CPU
		{CFF041B7-902A-44DF-A6A7-053612E6D8FB}.Release|Any CPU.ActiveCfg = Release|Any CPU
		{CFF041B7-902A-44DF-A6A7-053612E6D8FB}.Release|Any CPU.Build.0 = Release|Any CPU
	EndGlobalSection
	GlobalSection(SolutionProperties) = preSolution
		HideSolutionNode = FALSE
	EndGlobalSection
	GlobalSection(ExtensibilityGlobals) = postSolution
		SolutionGuid = {8CCD2822-3DAB-40C1-AC2C-31F9D3C9938D}
	EndGlobalSection
EndGlobal
